<?xml version="1.0" encoding="utf-8"?>
<Project DefaultTargets="Build" ToolsVersion="4.0" xmlns="http://schemas.microsoft.com/developer/msbuild/2003">
  <PropertyGroup>
    <Configuration Condition=" '$(Configuration)' == '' ">Debug</Configuration>
    <Platform Condition=" '$(Platform)' == '' ">AnyCPU</Platform>
    <ProjectGuid>{A4BF9763-0F27-47F2-AF82-82C6394C92B0}</ProjectGuid>
    <Compiler>ldc2</Compiler>
    <PreferOneStepBuild>true</PreferOneStepBuild>
    <UseDefaultCompiler>true</UseDefaultCompiler>
    <IncrementalLinking>true</IncrementalLinking>
  </PropertyGroup>
  <PropertyGroup Condition=" '$(Configuration)|$(Platform)' == 'Debug|AnyCPU' ">
    <DebugSymbols>true</DebugSymbols>
    <OutputPath>bin\Debug</OutputPath>
    <ObjectsDirectory>obj/Debug</ObjectsDirectory>
    <LinkinThirdPartyLibraries>false</LinkinThirdPartyLibraries>
    <UnittestMode>false</UnittestMode>
    <OutputName>DCorlibMD</OutputName>
    <Target>StaticLibrary</Target>
    <Externalconsole>true</Externalconsole>
    <DebugLevel>0</DebugLevel>
  </PropertyGroup>
  <PropertyGroup Condition=" '$(Configuration)|$(Platform)' == 'Release|AnyCPU' ">
    <OutputPath>bin\Release</OutputPath>
    <ObjectsDirectory>obj/Release</ObjectsDirectory>
    <LinkinThirdPartyLibraries>false</LinkinThirdPartyLibraries>
    <UnittestMode>false</UnittestMode>
    <OutputName>DCorlibMD</OutputName>
    <Target>Executable</Target>
    <Externalconsole>true</Externalconsole>
    <DebugLevel>0</DebugLevel>
  </PropertyGroup>
  <PropertyGroup Condition=" '$(Configuration)|$(Platform)' == 'Unittest|AnyCPU' ">
    <DebugSymbols>true</DebugSymbols>
    <OutputPath>bin\Unittest</OutputPath>
    <ObjectsDirectory>obj/Unittest</ObjectsDirectory>
    <LinkinThirdPartyLibraries>false</LinkinThirdPartyLibraries>
    <UnittestMode>true</UnittestMode>
    <OutputName>DCorlibMD</OutputName>
    <Target>Executable</Target>
    <Externalconsole>true</Externalconsole>
    <DebugLevel>0</DebugLevel>
  </PropertyGroup>
  <ItemGroup>
    <Compile Include="..\DCorlib\Namespace.d">
      <Link>Namespace.d</Link>
    </Compile>
    <Compile Include="..\DCorlib\System\Action.d">
      <Link>System\Action.d</Link>
    </Compile>
    <Compile Include="..\DCorlib\System\Action__G.d">
      <Link>System\Action__G.d</Link>
    </Compile>
    <Compile Include="..\DCorlib\System\Activator.d">
      <Link>System\Activator.d</Link>
    </Compile>
    <Compile Include="..\DCorlib\System\ArgumentException.d">
      <Link>System\ArgumentException.d</Link>
    </Compile>
    <Compile Include="..\DCorlib\System\Array.d">
      <Link>System\Array.d</Link>
    </Compile>
    <Compile Include="..\DCorlib\System\Array_T.d">
      <Link>System\Array_T.d</Link>
    </Compile>
    <Compile Include="..\DCorlib\System\Attribute.d">
      <Link>System\Attribute.d</Link>
    </Compile>
    <Compile Include="..\DCorlib\System\Boolean.d">
      <Link>System\Boolean.d</Link>
    </Compile>
    <Compile Include="..\DCorlib\System\Byte.d">
      <Link>System\Byte.d</Link>
    </Compile>
    <Compile Include="..\DCorlib\System\Char.d">
      <Link>System\Char.d</Link>
    </Compile>
    <Compile Include="..\DCorlib\System\Comparison__G.d">
      <Link>System\Comparison__G.d</Link>
    </Compile>
    <Compile Include="..\DCorlib\System\Console.d">
      <Link>System\Console.d</Link>
    </Compile>
    <Compile Include="..\DCorlib\System\DateTime.d">
      <Link>System\DateTime.d</Link>
    </Compile>
    <Compile Include="..\DCorlib\System\DateTimeKind.d">
      <Link>System\DateTimeKind.d</Link>
    </Compile>
    <Compile Include="..\DCorlib\System\DateTimeParse.d">
      <Link>System\DateTimeParse.d</Link>
    </Compile>
    <Compile Include="..\DCorlib\System\DayOfWeek.d">
      <Link>System\DayOfWeek.d</Link>
    </Compile>
    <Compile Include="..\DCorlib\System\Decimal.d">
      <Link>System\Decimal.d</Link>
    </Compile>
    <Compile Include="..\DCorlib\System\Delegate.d">
      <Link>System\Delegate.d</Link>
    </Compile>
    <Compile Include="..\DCorlib\System\Double.d">
      <Link>System\Double.d</Link>
    </Compile>
    <Compile Include="..\DCorlib\System\EmptyArray_T.d">
      <Link>System\EmptyArray_T.d</Link>
    </Compile>
    <Compile Include="..\DCorlib\System\Enum.d">
      <Link>System\Enum.d</Link>
    </Compile>
    <Compile Include="..\DCorlib\System\Environment.d">
      <Link>System\Environment.d</Link>
    </Compile>
    <Compile Include="..\DCorlib\System\EventArgs.d">
      <Link>System\EventArgs.d</Link>
    </Compile>
    <Compile Include="..\DCorlib\System\EventHandler.d">
      <Link>System\EventHandler.d</Link>
    </Compile>
    <Compile Include="..\DCorlib\System\EventHandler__G.d">
      <Link>System\EventHandler__G.d</Link>
    </Compile>
    <Compile Include="..\DCorlib\System\Func__G.d">
      <Link>System\Func__G.d</Link>
    </Compile>
    <Compile Include="..\DCorlib\System\GC.d">
      <Link>System\GC.d</Link>
    </Compile>
    <Compile Include="..\DCorlib\System\ICloneable.d">
      <Link>System\ICloneable.d</Link>
    </Compile>
    <Compile Include="..\DCorlib\System\IComparable.d">
      <Link>System\IComparable.d</Link>
    </Compile>
    <Compile Include="..\DCorlib\System\IComparable__G.d">
      <Link>System\IComparable__G.d</Link>
    </Compile>
    <Compile Include="..\DCorlib\System\IConvertible.d">
      <Link>System\IConvertible.d</Link>
    </Compile>
    <Compile Include="..\DCorlib\System\IDisposable.d">
      <Link>System\IDisposable.d</Link>
    </Compile>
    <Compile Include="..\DCorlib\System\IFormatProvider.d">
      <Link>System\IFormatProvider.d</Link>
    </Compile>
    <Compile Include="..\DCorlib\System\IFormattable.d">
      <Link>System\IFormattable.d</Link>
    </Compile>
    <Compile Include="..\DCorlib\System\Int16.d">
      <Link>System\Int16.d</Link>
    </Compile>
    <Compile Include="..\DCorlib\System\Int32.d">
      <Link>System\Int32.d</Link>
    </Compile>
    <Compile Include="..\DCorlib\System\Int64.d">
      <Link>System\Int64.d</Link>
    </Compile>
    <Compile Include="..\DCorlib\System\IntPtr.d">
      <Link>System\IntPtr.d</Link>
    </Compile>
    <Compile Include="..\DCorlib\System\Locale.d">
      <Link>System\Locale.d</Link>
    </Compile>
    <Compile Include="..\DCorlib\System\Math.d">
      <Link>System\Math.d</Link>
    </Compile>
    <Compile Include="..\DCorlib\System\MulticastDelegate.d">
      <Link>System\MulticastDelegate.d</Link>
    </Compile>
    <Compile Include="..\DCorlib\System\NException.d">
      <Link>System\NException.d</Link>
    </Compile>
    <Compile Include="..\DCorlib\System\NObject.d">
      <Link>System\NObject.d</Link>
    </Compile>
    <Compile Include="..\DCorlib\System\Namespace.d">
      <Link>System\Namespace.d</Link>
    </Compile>
    <Compile Include="..\DCorlib\System\Nullable__G.d">
      <Link>System\Nullable__G.d</Link>
    </Compile>
    <Compile Include="..\DCorlib\System\PlatformID.d">
      <Link>System\PlatformID.d</Link>
    </Compile>
    <Compile Include="..\DCorlib\System\Predicate__G.d">
      <Link>System\Predicate__G.d</Link>
    </Compile>
    <Compile Include="..\DCorlib\System\Random.d">
      <Link>System\Random.d</Link>
    </Compile>
    <Compile Include="..\DCorlib\System\SByte.d">
      <Link>System\SByte.d</Link>
    </Compile>
    <Compile Include="..\DCorlib\System\Single.d">
      <Link>System\Single.d</Link>
    </Compile>
    <Compile Include="..\DCorlib\System\String.d">
      <Link>System\String.d</Link>
    </Compile>
    <Compile Include="..\DCorlib\System\SystemException.d">
      <Link>System\SystemException.d</Link>
    </Compile>
    <Compile Include="..\DCorlib\System\Timespan.d">
      <Link>System\Timespan.d</Link>
    </Compile>
    <Compile Include="..\DCorlib\System\Type.d">
      <Link>System\Type.d</Link>
    </Compile>
    <Compile Include="..\DCorlib\System\TypeCode.d">
      <Link>System\TypeCode.d</Link>
    </Compile>
    <Compile Include="..\DCorlib\System\UInt16.d">
      <Link>System\UInt16.d</Link>
    </Compile>
    <Compile Include="..\DCorlib\System\UInt32.d">
      <Link>System\UInt32.d</Link>
    </Compile>
    <Compile Include="..\DCorlib\System\UInt64.d">
      <Link>System\UInt64.d</Link>
    </Compile>
    <Compile Include="..\DCorlib\System\ValueType.d">
      <Link>System\ValueType.d</Link>
    </Compile>
    <Compile Include="..\DCorlib\System\Version.d">
      <Link>System\Version.d</Link>
    </Compile>
    <Compile Include="..\DCorlib\System\__Boxing.d">
      <Link>System\__Boxing.d</Link>
    </Compile>
    <Compile Include="..\DCorlib\System\__Constraints.d">
      <Link>System\__Constraints.d</Link>
    </Compile>
    <Compile Include="..\DCorlib\System\__NativeMethods.d">
      <Link>System\__NativeMethods.d</Link>
    </Compile>
    <Compile Include="..\DCorlib\System\__PInvokeSupport.d">
      <Link>System\__PInvokeSupport.d</Link>
    </Compile>
    <Compile Include="..\DCorlib\System\__PrimitiveExtensions.d">
      <Link>System\__PrimitiveExtensions.d</Link>
    </Compile>
    <Compile Include="..\DCorlib\System\__SystemExtensions.d">
      <Link>System\__SystemExtensions.d</Link>
    </Compile>
    <Compile Include="..\DCorlib\System\__YieldAsyncSupport.d">
      <Link>System\__YieldAsyncSupport.d</Link>
    </Compile>
    <Compile Include="..\DCorlib\System\__YieldIterator__G.d">
      <Link>System\__YieldIterator__G.d</Link>
    </Compile>
    <Compile Include="..\DCorlib\System\Collections\Collection.d">
      <Link>System\Collections\Collection.d</Link>
    </Compile>
    <Compile Include="..\DCorlib\System\Collections\Collections.d">
      <Link>System\Collections\Collections.d</Link>
    </Compile>
    <Compile Include="..\DCorlib\System\Collections\Hashtable.d">
      <Link>System\Collections\Hashtable.d</Link>
    </Compile>
    <Compile Include="..\DCorlib\System\Collections\Hashtable_Entry.d">
      <Link>System\Collections\Hashtable_Entry.d</Link>
    </Compile>
    <Compile Include="..\DCorlib\System\Collections\Hashtable_EnumeratorType.d">
      <Link>System\Collections\Hashtable_EnumeratorType.d</Link>
    </Compile>
    <Compile Include="..\DCorlib\System\Collections\Hashtable_HashtableEnumerator.d">
      <Link>System\Collections\Hashtable_HashtableEnumerator.d</Link>
    </Compile>
    <Compile Include="..\DCorlib\System\Collections\Hashtable_KeyCollection.d">
      <Link>System\Collections\Hashtable_KeyCollection.d</Link>
    </Compile>
    <Compile Include="..\DCorlib\System\Collections\Hashtable_ValueCollection.d">
      <Link>System\Collections\Hashtable_ValueCollection.d</Link>
    </Compile>
    <Compile Include="..\DCorlib\System\Collections\ICollection.d">
      <Link>System\Collections\ICollection.d</Link>
    </Compile>
    <Compile Include="..\DCorlib\System\Collections\IDictionary.d">
      <Link>System\Collections\IDictionary.d</Link>
    </Compile>
    <Compile Include="..\DCorlib\System\Collections\IEnumerable.d">
      <Link>System\Collections\IEnumerable.d</Link>
    </Compile>
    <Compile Include="..\DCorlib\System\Collections\IEnumerator.d">
      <Link>System\Collections\IEnumerator.d</Link>
    </Compile>
    <Compile Include="..\DCorlib\System\Collections\IEqualityComparer.d">
      <Link>System\Collections\IEqualityComparer.d</Link>
    </Compile>
    <Compile Include="..\DCorlib\System\Collections\IList.d">
      <Link>System\Collections\IList.d</Link>
    </Compile>
    <Compile Include="..\DCorlib\System\Collections\SortedList.d">
      <Link>System\Collections\SortedList.d</Link>
    </Compile>
    <Compile Include="..\DCorlib\System\Collections\Generic\Comparer_T.d">
      <Link>System\Collections\Generic\Comparer_T.d</Link>
    </Compile>
    <Compile Include="..\DCorlib\System\Collections\Generic\Comparer_T_DefaultComparerT.d">
      <Link>System\Collections\Generic\Comparer_T_DefaultComparerT.d</Link>
    </Compile>
    <Compile Include="..\DCorlib\System\Collections\Generic\DefaultComparer_T.d">
      <Link>System\Collections\Generic\DefaultComparer_T.d</Link>
    </Compile>
    <Compile Include="..\DCorlib\System\Collections\Generic\Dictionary_TKey_TValue.d">
      <Link>System\Collections\Generic\Dictionary_TKey_TValue.d</Link>
    </Compile>
    <Compile Include="..\DCorlib\System\Collections\Generic\Dictionary_TKey_TValue_EnumeratorTKey_TValue.d">
      <Link>System\Collections\Generic\Dictionary_TKey_TValue_EnumeratorTKey_TValue.d</Link>
    </Compile>
    <Compile Include="..\DCorlib\System\Collections\Generic\Dictionary_TKey_TValue_KeyCollectionTKey_TValue.d">
      <Link>System\Collections\Generic\Dictionary_TKey_TValue_KeyCollectionTKey_TValue.d</Link>
    </Compile>
    <Compile Include="..\DCorlib\System\Collections\Generic\Dictionary_TKey_TValue_KeyCollection_EnumeratorTKey_TValue.d">
      <Link>System\Collections\Generic\Dictionary_TKey_TValue_KeyCollection_EnumeratorTKey_TValue.d</Link>
    </Compile>
    <Compile Include="..\DCorlib\System\Collections\Generic\Dictionary_TKey_TValue_ShimEnumeratorTKey_TValue.d">
      <Link>System\Collections\Generic\Dictionary_TKey_TValue_ShimEnumeratorTKey_TValue.d</Link>
    </Compile>
    <Compile Include="..\DCorlib\System\Collections\Generic\Dictionary_TKey_TValue_Transform_TRetTKey_TValue.d">
      <Link>System\Collections\Generic\Dictionary_TKey_TValue_Transform_TRetTKey_TValue.d</Link>
    </Compile>
    <Compile Include="..\DCorlib\System\Collections\Generic\Dictionary_TKey_TValue_ValueCollectionTKey_TValue.d">
      <Link>System\Collections\Generic\Dictionary_TKey_TValue_ValueCollectionTKey_TValue.d</Link>
    </Compile>
    <Compile Include="..\DCorlib\System\Collections\Generic\Dictionary_TKey_TValue_ValueCollection_EnumeratorTKey_TValue.d">
      <Link>System\Collections\Generic\Dictionary_TKey_TValue_ValueCollection_EnumeratorTKey_TValue.d</Link>
    </Compile>
    <Compile Include="..\DCorlib\System\Collections\Generic\EnumIntEqualityComparer_T.d">
      <Link>System\Collections\Generic\EnumIntEqualityComparer_T.d</Link>
    </Compile>
    <Compile Include="..\DCorlib\System\Collections\Generic\EqualityComparer__G.d">
      <Link>System\Collections\Generic\EqualityComparer__G.d</Link>
    </Compile>
    <Compile Include="..\DCorlib\System\Collections\Generic\GenericComparer_T.d">
      <Link>System\Collections\Generic\GenericComparer_T.d</Link>
    </Compile>
    <Compile Include="..\DCorlib\System\Collections\Generic\GenericEqualityComparer_T.d">
      <Link>System\Collections\Generic\GenericEqualityComparer_T.d</Link>
    </Compile>
    <Compile Include="..\DCorlib\System\Collections\Generic\ICollection__G.d">
      <Link>System\Collections\Generic\ICollection__G.d</Link>
    </Compile>
    <Compile Include="..\DCorlib\System\Collections\Generic\IComparer__G.d">
      <Link>System\Collections\Generic\IComparer__G.d</Link>
    </Compile>
    <Compile Include="..\DCorlib\System\Collections\Generic\IDictionary_TKey_TValue.d">
      <Link>System\Collections\Generic\IDictionary_TKey_TValue.d</Link>
    </Compile>
    <Compile Include="..\DCorlib\System\Collections\Generic\IEnumerable__G.d">
      <Link>System\Collections\Generic\IEnumerable__G.d</Link>
    </Compile>
    <Compile Include="..\DCorlib\System\Collections\Generic\IEnumerator__G.d">
      <Link>System\Collections\Generic\IEnumerator__G.d</Link>
    </Compile>
    <Compile Include="..\DCorlib\System\Collections\Generic\IEqualityComparer__G.d">
      <Link>System\Collections\Generic\IEqualityComparer__G.d</Link>
    </Compile>
    <Compile Include="..\DCorlib\System\Collections\Generic\IList__G.d">
      <Link>System\Collections\Generic\IList__G.d</Link>
    </Compile>
    <Compile Include="..\DCorlib\System\Collections\Generic\IntEqualityComparer.d">
      <Link>System\Collections\Generic\IntEqualityComparer.d</Link>
    </Compile>
    <Compile Include="..\DCorlib\System\Collections\Generic\InternalStringComparer.d">
      <Link>System\Collections\Generic\InternalStringComparer.d</Link>
    </Compile>
    <Compile Include="..\DCorlib\System\Collections\Generic\KeyNotFoundException.d">
      <Link>System\Collections\Generic\KeyNotFoundException.d</Link>
    </Compile>
    <Compile Include="..\DCorlib\System\Collections\Generic\KeyValuePair__G.d">
      <Link>System\Collections\Generic\KeyValuePair__G.d</Link>
    </Compile>
    <Compile Include="..\DCorlib\System\Collections\Generic\Link.d">
      <Link>System\Collections\Generic\Link.d</Link>
    </Compile>
    <Compile Include="..\DCorlib\System\Collections\Generic\List_T_EnumeratorT.d">
      <Link>System\Collections\Generic\List_T_EnumeratorT.d</Link>
    </Compile>
    <Compile Include="..\DCorlib\System\Collections\Generic\List__G.d">
      <Link>System\Collections\Generic\List__G.d</Link>
    </Compile>
    <Compile Include="..\DCorlib\System\Collections\Generic\System.Collections.Generic.Namespace.d">
      <Link>System\Collections\Generic\System.Collections.Generic.Namespace.d</Link>
    </Compile>
    <Compile Include="..\DCorlib\System\Globalization\Namespace.d">
      <Link>System\Globalization\Namespace.d</Link>
    </Compile>
    <Compile Include="..\DCorlib\System\IO\File.d">
      <Link>System\IO\File.d</Link>
    </Compile>
    <Compile Include="..\DCorlib\System\IO\System.IO.Namespace.d">
      <Link>System\IO\System.IO.Namespace.d</Link>
    </Compile>
    <Compile Include="..\DCorlib\System\Reflection\Internal.d">
      <Link>System\Reflection\Internal.d</Link>
    </Compile>
    <Compile Include="..\DCorlib\System\Reflection\Namespace.d">
      <Link>System\Reflection\Namespace.d</Link>
    </Compile>
    <Compile Include="..\DCorlib\System\Runtime\CompilerServices\Namespace.d">
      <Link>System\Runtime\CompilerServices\Namespace.d</Link>
    </Compile>
    <Compile Include="..\DCorlib\System\Runtime\InteropServices\Namespace.d">
      <Link>System\Runtime\InteropServices\Namespace.d</Link>
    </Compile>
    <Compile Include="..\DCorlib\System\Text\Namespace.d">
      <Link>System\Text\Namespace.d</Link>
    </Compile>
    <Compile Include="..\DCorlib\System\Text\StringBuilder.d">
      <Link>System\Text\StringBuilder.d</Link>
    </Compile>
    <Compile Include="..\DCorlib\System\Threading\Namespace.d">
      <Link>System\Threading\Namespace.d</Link>
    </Compile>
    <Compile Include="..\DCorlib\System\__Internal\Namespace.d">
      <Link>System\__Internal\Namespace.d</Link>
    </Compile>
    <Compile Include="..\DCorlib\System\__Internal\xxhash.d">
      <Link>System\__Internal\xxhash.d</Link>
    </Compile>
  </ItemGroup>
  <ItemGroup>
    <None Include="..\DCorlib\System\Collections\.DS_Store">
      <Link>System\Collections\.DS_Store</Link>
    </None>
    <None Include="..\DCorlib\System\Collections\Generic\.DS_Store">
      <Link>System\Collections\Generic\.DS_Store</Link>
    </None>
    <None Include="..\DCorlib\System\Collections\Generic\Old.zip">
      <Link>System\Collections\Generic\Old.zip</Link>
    </None>
    <None Include="..\DCorlib\System\Runtime\.DS_Store">
      <Link>System\Runtime\.DS_Store</Link>
    </None>
  </ItemGroup>
</Project>